// !$*UTF8*$!
{
	archiveVersion = 1;
	classes = {
	};
	objectVersion = 77;
	objects = {

/* Begin PBXBuildFile section */
		4B6DA54F2EA6A92C00FA87E4 /* FirebaseAuth in Frameworks */ = {isa = PBXBuildFile; productRef = 4B6DA54E2EA6A92C00FA87E4 /* FirebaseAuth */; };
		4B6DA5512EA6A92C00FA87E4 /* FirebaseCore in Frameworks */ = {isa = PBXBuildFile; productRef = 4B6DA5502EA6A92C00FA87E4 /* FirebaseCore */; };
		4B6DA5532EA6A92C00FA87E4 /* FirebaseFirestore in Frameworks */ = {isa = PBXBuildFile; productRef = 4B6DA5522EA6A92C00FA87E4 /* FirebaseFirestore */; };
		4BAD69E02EC50AE700AA73B0 /* FirebaseStorage in Frameworks */ = {isa = PBXBuildFile; productRef = 4BAD69DF2EC50AE700AA73B0 /* FirebaseStorage */; };
/* End PBXBuildFile section */

/* Begin PBXContainerItemProxy section */
		4B8F41DA2EA6A46D003AFAC5 /* PBXContainerItemProxy */ = {
			isa = PBXContainerItemProxy;
			containerPortal = 4B8F41BB2EA6A46B003AFAC5 /* Project object */;
			proxyType = 1;
			remoteGlobalIDString = 4B8F41C22EA6A46B003AFAC5;
			remoteInfo = UTicket;
		};
		4B8F41E42EA6A46D003AFAC5 /* PBXContainerItemProxy */ = {
			isa = PBXContainerItemProxy;
			containerPortal = 4B8F41BB2EA6A46B003AFAC5 /* Project object */;
			proxyType = 1;
			remoteGlobalIDString = 4B8F41C22EA6A46B003AFAC5;
			remoteInfo = UTicket;
		};
/* End PBXContainerItemProxy section */

/* Begin PBXFileReference section */
		4B8F41C32EA6A46B003AFAC5 /* UTicket.app */ = {isa = PBXFileReference; explicitFileType = wrapper.application; includeInIndex = 0; path = UTicket.app; sourceTree = BUILT_PRODUCTS_DIR; };
		4B8F41D92EA6A46D003AFAC5 /* UTicketTests.xctest */ = {isa = PBXFileReference; explicitFileType = wrapper.cfbundle; includeInIndex = 0; path = UTicketTests.xctest; sourceTree = BUILT_PRODUCTS_DIR; };
		4B8F41E32EA6A46D003AFAC5 /* UTicketUITests.xctest */ = {isa = PBXFileReference; explicitFileType = wrapper.cfbundle; includeInIndex = 0; path = UTicketUITests.xctest; sourceTree = BUILT_PRODUCTS_DIR; };
/* End PBXFileReference section */

/* Begin PBXFileSystemSynchronizedBuildFileExceptionSet section */
		4B8F41EB2EA6A46D003AFAC5 /* Exceptions for "UTicket" folder in "UTicket" target */ = {
			isa = PBXFileSystemSynchronizedBuildFileExceptionSet;
			membershipExceptions = (
				Info.plist,
			);
			target = 4B8F41C22EA6A46B003AFAC5 /* UTicket */;
		};
/* End PBXFileSystemSynchronizedBuildFileExceptionSet section */

/* Begin PBXFileSystemSynchronizedRootGroup section */
		4B8F41C52EA6A46B003AFAC5 /* UTicket */ = {
			isa = PBXFileSystemSynchronizedRootGroup;
			exceptions = (
				4B8F41EB2EA6A46D003AFAC5 /* Exceptions for "UTicket" folder in "UTicket" target */,
			);
			path = UTicket;
			sourceTree = "<group>";
		};
		4B8F41DC2EA6A46D003AFAC5 /* UTicketTests */ = {
			isa = PBXFileSystemSynchronizedRootGroup;
			path = UTicketTests;
			sourceTree = "<group>";
		};
		4B8F41E62EA6A46D003AFAC5 /* UTicketUITests */ = {
			isa = PBXFileSystemSynchronizedRootGroup;
			path = UTicketUITests;
			sourceTree = "<group>";
		};
/* End PBXFileSystemSynchronizedRootGroup section */

/* Begin PBXFrameworksBuildPhase section */
		4B8F41C02EA6A46B003AFAC5 /* Frameworks */ = {
			isa = PBXFrameworksBuildPhase;
			buildActionMask = 2147483647;
			files = (
				4B6DA5512EA6A92C00FA87E4 /* FirebaseCore in Frameworks */,
				4BAD69E02EC50AE700AA73B0 /* FirebaseStorage in Frameworks */,
				4B6DA54F2EA6A92C00FA87E4 /* FirebaseAuth in Frameworks */,
				4B6DA5532EA6A92C00FA87E4 /* FirebaseFirestore in Frameworks */,
			);
			runOnlyForDeploymentPostprocessing = 0;
		};
		4B8F41D62EA6A46D003AFAC5 /* Frameworks */ = {
			isa = PBXFrameworksBuildPhase;
			buildActionMask = 2147483647;
			files = (
			);
			runOnlyForDeploymentPostprocessing = 0;
		};
		4B8F41E02EA6A46D003AFAC5 /* Frameworks */ = {
			isa = PBXFrameworksBuildPhase;
			buildActionMask = 2147483647;
			files = (
			);
			runOnlyForDeploymentPostprocessing = 0;
		};
/* End PBXFrameworksBuildPhase section */

/* Begin PBXGroup section */
		4B8F41BA2EA6A46B003AFAC5 = {
			isa = PBXGroup;
			children = (
				4B8F41C52EA6A46B003AFAC5 /* UTicket */,
				4B8F41DC2EA6A46D003AFAC5 /* UTicketTests */,
				4B8F41E62EA6A46D003AFAC5 /* UTicketUITests */,
				4B8F41C42EA6A46B003AFAC5 /* Products */,
			);
			sourceTree = "<group>";
		};
		4B8F41C42EA6A46B003AFAC5 /* Products */ = {
			isa = PBXGroup;
			children = (
				4B8F41C32EA6A46B003AFAC5 /* UTicket.app */,
				4B8F41D92EA6A46D003AFAC5 /* UTicketTests.xctest */,
				4B8F41E32EA6A46D003AFAC5 /* UTicketUITests.xctest */,
			);
			name = Products;
			sourceTree = "<group>";
		};
/* End PBXGroup section */

/* Begin PBXNativeTarget section */
		4B8F41C22EA6A46B003AFAC5 /* UTicket */ = {
			isa = PBXNativeTarget;
			buildConfigurationList = 4B8F41EC2EA6A46D003AFAC5 /* Build configuration list for PBXNativeTarget "UTicket" */;
			buildPhases = (
				4B8F41BF2EA6A46B003AFAC5 /* Sources */,
				4B8F41C02EA6A46B003AFAC5 /* Frameworks */,
				4B8F41C12EA6A46B003AFAC5 /* Resources */,
			);
			buildRules = (
			);
			dependencies = (
			);
			fileSystemSynchronizedGroups = (
				4B8F41C52EA6A46B003AFAC5 /* UTicket */,
			);
			name = UTicket;
			packageProductDependencies = (
				4B6DA54E2EA6A92C00FA87E4 /* FirebaseAuth */,
				4B6DA5502EA6A92C00FA87E4 /* FirebaseCore */,
				4B6DA5522EA6A92C00FA87E4 /* FirebaseFirestore */,
				4BAD69DF2EC50AE700AA73B0 /* FirebaseStorage */,
			);
			productName = UTicket;
			productReference = 4B8F41C32EA6A46B003AFAC5 /* UTicket.app */;
			productType = "com.apple.product-type.application";
		};
		4B8F41D82EA6A46D003AFAC5 /* UTicketTests */ = {
			isa = PBXNativeTarget;
			buildConfigurationList = 4B8F41F12EA6A46D003AFAC5 /* Build configuration list for PBXNativeTarget "UTicketTests" */;
			buildPhases = (
				4B8F41D52EA6A46D003AFAC5 /* Sources */,
				4B8F41D62EA6A46D003AFAC5 /* Frameworks */,
				4B8F41D72EA6A46D003AFAC5 /* Resources */,
			);
			buildRules = (
			);
			dependencies = (
				4B8F41DB2EA6A46D003AFAC5 /* PBXTargetDependency */,
			);
			fileSystemSynchronizedGroups = (
				4B8F41DC2EA6A46D003AFAC5 /* UTicketTests */,
			);
			name = UTicketTests;
			packageProductDependencies = (
			);
			productName = UTicketTests;
			productReference = 4B8F41D92EA6A46D003AFAC5 /* UTicketTests.xctest */;
			productType = "com.apple.product-type.bundle.unit-test";
		};
		4B8F41E22EA6A46D003AFAC5 /* UTicketUITests */ = {
			isa = PBXNativeTarget;
			buildConfigurationList = 4B8F41F42EA6A46D003AFAC5 /* Build configuration list for PBXNativeTarget "UTicketUITests" */;
			buildPhases = (
				4B8F41DF2EA6A46D003AFAC5 /* Sources */,
				4B8F41E02EA6A46D003AFAC5 /* Frameworks */,
				4B8F41E12EA6A46D003AFAC5 /* Resources */,
			);
			buildRules = (
			);
			dependencies = (
				4B8F41E52EA6A46D003AFAC5 /* PBXTargetDependency */,
			);
			fileSystemSynchronizedGroups = (
				4B8F41E62EA6A46D003AFAC5 /* UTicketUITests */,
			);
			name = UTicketUITests;
			packageProductDependencies = (
			);
			productName = UTicketUITests;
			productReference = 4B8F41E32EA6A46D003AFAC5 /* UTicketUITests.xctest */;
			productType = "com.apple.product-type.bundle.ui-testing";
		};
/* End PBXNativeTarget section */

/* Begin PBXProject section */
		4B8F41BB2EA6A46B003AFAC5 /* Project object */ = {
			isa = PBXProject;
			attributes = {
				BuildIndependentTargetsInParallel = 1;
				LastSwiftUpdateCheck = 1630;
				LastUpgradeCheck = 1630;
				TargetAttributes = {
					4B8F41C22EA6A46B003AFAC5 = {
						CreatedOnToolsVersion = 16.3;
					};
					4B8F41D82EA6A46D003AFAC5 = {
						CreatedOnToolsVersion = 16.3;
						TestTargetID = 4B8F41C22EA6A46B003AFAC5;
					};
					4B8F41E22EA6A46D003AFAC5 = {
						CreatedOnToolsVersion = 16.3;
						TestTargetID = 4B8F41C22EA6A46B003AFAC5;
					};
				};
			};
			buildConfigurationList = 4B8F41BE2EA6A46B003AFAC5 /* Build configuration list for PBXProject "UTicket" */;
			developmentRegion = en;
			hasScannedForEncodings = 0;
			knownRegions = (
				en,
				Base,
			);
			mainGroup = 4B8F41BA2EA6A46B003AFAC5;
			minimizedProjectReferenceProxies = 1;
			packageReferences = (
				4B6DA54D2EA6A92C00FA87E4 /* XCRemoteSwiftPackageReference "firebase-ios-sdk" */,
			);
			preferredProjectObjectVersion = 77;
			productRefGroup = 4B8F41C42EA6A46B003AFAC5 /* Products */;
			projectDirPath = "";
			projectRoot = "";
			targets = (
				4B8F41C22EA6A46B003AFAC5 /* UTicket */,
				4B8F41D82EA6A46D003AFAC5 /* UTicketTests */,
				4B8F41E22EA6A46D003AFAC5 /* UTicketUITests */,
			);
		};
/* End PBXProject section */

/* Begin PBXResourcesBuildPhase section */
		4B8F41C12EA6A46B003AFAC5 /* Resources */ = {
			isa = PBXResourcesBuildPhase;
			buildActionMask = 2147483647;
			files = (
			);
			runOnlyForDeploymentPostprocessing = 0;
		};
		4B8F41D72EA6A46D003AFAC5 /* Resources */ = {
			isa = PBXResourcesBuildPhase;
			buildActionMask = 2147483647;
			files = (
			);
			runOnlyForDeploymentPostprocessing = 0;
		};
		4B8F41E12EA6A46D003AFAC5 /* Resources */ = {
			isa = PBXResourcesBuildPhase;
			buildActionMask = 2147483647;
			files = (
			);
			runOnlyForDeploymentPostprocessing = 0;
		};
/* End PBXResourcesBuildPhase section */

/* Begin PBXSourcesBuildPhase section */
		4B8F41BF2EA6A46B003AFAC5 /* Sources */ = {
			isa = PBXSourcesBuildPhase;
			buildActionMask = 2147483647;
			files = (
			);
			runOnlyForDeploymentPostprocessing = 0;
		};
		4B8F41D52EA6A46D003AFAC5 /* Sources */ = {
			isa = PBXSourcesBuildPhase;
			buildActionMask = 2147483647;
			files = (
			);
			runOnlyForDeploymentPostprocessing = 0;
		};
		4B8F41DF2EA6A46D003AFAC5 /* Sources */ = {
			isa = PBXSourcesBuildPhase;
			buildActionMask = 2147483647;
			files = (
			);
			runOnlyForDeploymentPostprocessing = 0;
		};
/* End PBXSourcesBuildPhase section */

/* Begin PBXTargetDependency section */
		4B8F41DB2EA6A46D003AFAC5 /* PBXTargetDependency */ = {
			isa = PBXTargetDependency;
			target = 4B8F41C22EA6A46B003AFAC5 /* UTicket */;
			targetProxy = 4B8F41DA2EA6A46D003AFAC5 /* PBXContainerItemProxy */;
		};
		4B8F41E52EA6A46D003AFAC5 /* PBXTargetDependency */ = {
			isa = PBXTargetDependency;
			target = 4B8F41C22EA6A46B003AFAC5 /* UTicket */;
			targetProxy = 4B8F41E42EA6A46D003AFAC5 /* PBXContainerItemProxy */;
		};
/* End PBXTargetDependency section */

/* Begin XCBuildConfiguration section */
		4B8F41ED2EA6A46D003AFAC5 /* Debug */ = {
			isa = XCBuildConfiguration;
			buildSettings = {
				ASSETCATALOG_COMPILER_APPICON_NAME = AppIcon;
				ASSETCATALOG_COMPILER_GLOBAL_ACCENT_COLOR_NAME = AccentColor;
				CODE_SIGN_STYLE = Automatic;
				CURRENT_PROJECT_VERSION = 1;
				DEVELOPMENT_TEAM = U7WA2Q9KHB;
				GENERATE_INFOPLIST_FILE = YES;
				INFOPLIST_FILE = UTicket/Info.plist;
				INFOPLIST_KEY_UIApplicationSupportsIndirectInputEvents = YES;
				INFOPLIST_KEY_UILaunchStoryboardName = LaunchScreen;
				INFOPLIST_KEY_UIMainStoryboardFile = Main;
				INFOPLIST_KEY_UISupportedInterfaceOrientations_iPad = "UIInterfaceOrientationPortrait UIInterfaceOrientationPortraitUpsideDown UIInterfaceOrientationLandscapeLeft UIInterfaceOrientationLandscapeRight";
				INFOPLIST_KEY_UISupportedInterfaceOrientations_iPhone = "UIInterfaceOrientationPortrait UIInterfaceOrientationLandscapeLeft UIInterfaceOrientationLandscapeRight";
				LD_RUNPATH_SEARCH_PATHS = (
					"$(inherited)",
					"@executable_path/Frameworks",
				);
				MARKETING_VERSION = 1.0;
				PRODUCT_BUNDLE_IDENTIFIER = CS329E.UTicket;
				PRODUCT_NAME = "$(TARGET_NAME)";
				SWIFT_EMIT_LOC_STRINGS = YES;
				SWIFT_VERSION = 5.0;
				TARGETED_DEVICE_FAMILY = "1,2";
			};
			name = Debug;
		};
		4B8F41EE2EA6A46D003AFAC5 /* Release */ = {
			isa = XCBuildConfiguration;
			buildSettings = {
				ASSETCATALOG_COMPILER_APPICON_NAME = AppIcon;
				ASSETCATALOG_COMPILER_GLOBAL_ACCENT_COLOR_NAME = AccentColor;
				CODE_SIGN_STYLE = Automatic;
				CURRENT_PROJECT_VERSION = 1;
				DEVELOPMENT_TEAM = U7WA2Q9KHB;
				GENERATE_INFOPLIST_FILE = YES;
				INFOPLIST_FILE = UTicket/Info.plist;
				INFOPLIST_KEY_UIApplicationSupportsIndirectInputEvents = YES;
				INFOPLIST_KEY_UILaunchStoryboardName = LaunchScreen;
				INFOPLIST_KEY_UIMainStoryboardFile = Main;
				INFOPLIST_KEY_UISupportedInterfaceOrientations_iPad = "UIInterfaceOrientationPortrait UIInterfaceOrientationPortraitUpsideDown UIInterfaceOrientationLandscapeLeft UIInterfaceOrientationLandscapeRight";
				INFOPLIST_KEY_UISupportedInterfaceOrientations_iPhone = "UIInterfaceOrientationPortrait UIInterfaceOrientationLandscapeLeft UIInterfaceOrientationLandscapeRight";
				LD_RUNPATH_SEARCH_PATHS = (
					"$(inherited)",
					"@executable_path/Frameworks",
				);
				MARKETING_VERSION = 1.0;
				PRODUCT_BUNDLE_IDENTIFIER = CS329E.UTicket;
				PRODUCT_NAME = "$(TARGET_NAME)";
				SWIFT_EMIT_LOC_STRINGS = YES;
				SWIFT_VERSION = 5.0;
				TARGETED_DEVICE_FAMILY = "1,2";
			};
			name = Release;
		};
		4B8F41EF2EA6A46D003AFAC5 /* Debug */ = {
			isa = XCBuildConfiguration;
			buildSettings = {
				ALWAYS_SEARCH_USER_PATHS = NO;
				ASSETCATALOG_COMPILER_GENERATE_SWIFT_ASSET_SYMBOL_EXTENSIONS = YES;
				CLANG_ANALYZER_NONNULL = YES;
				CLANG_ANALYZER_NUMBER_OBJECT_CONVERSION = YES_AGGRESSIVE;
				CLANG_CXX_LANGUAGE_STANDARD = "gnu++20";
				CLANG_ENABLE_MODULES = YES;
				CLANG_ENABLE_OBJC_ARC = YES;
				CLANG_ENABLE_OBJC_WEAK = YES;
				CLANG_WARN_BLOCK_CAPTURE_AUTORELEASING = YES;
				CLANG_WARN_BOOL_CONVERSION = YES;
				CLANG_WARN_COMMA = YES;
				CLANG_WARN_CONSTANT_CONVERSION = YES;
				CLANG_WARN_DEPRECATED_OBJC_IMPLEMENTATIONS = YES;
				CLANG_WARN_DIRECT_OBJC_ISA_USAGE = YES_ERROR;
				CLANG_WARN_DOCUMENTATION_COMMENTS = YES;
				CLANG_WARN_EMPTY_BODY = YES;
				CLANG_WARN_ENUM_CONVERSION = YES;
				CLANG_WARN_INFINITE_RECURSION = YES;
				CLANG_WARN_INT_CONVERSION = YES;
				CLANG_WARN_NON_LITERAL_NULL_CONVERSION = YES;
				CLANG_WARN_OBJC_IMPLICIT_RETAIN_SELF = YES;
				CLANG_WARN_OBJC_LITERAL_CONVERSION = YES;
				CLANG_WARN_OBJC_ROOT_CLASS = YES_ERROR;
				CLANG_WARN_QUOTED_INCLUDE_IN_FRAMEWORK_HEADER = YES;
				CLANG_WARN_RANGE_LOOP_ANALYSIS = YES;
				CLANG_WARN_STRICT_PROTOTYPES = YES;
				CLANG_WARN_SUSPICIOUS_MOVE = YES;
				CLANG_WARN_UNGUARDED_AVAILABILITY = YES_AGGRESSIVE;
				CLANG_WARN_UNREACHABLE_CODE = YES;
				CLANG_WARN__DUPLICATE_METHOD_MATCH = YES;
				COPY_PHASE_STRIP = NO;
				DEBUG_INFORMATION_FORMAT = dwarf;
				DEVELOPMENT_TEAM = U7WA2Q9KHB;
				ENABLE_STRICT_OBJC_MSGSEND = YES;
				ENABLE_TESTABILITY = YES;
				ENABLE_USER_SCRIPT_SANDBOXING = YES;
				GCC_C_LANGUAGE_STANDARD = gnu17;
				GCC_DYNAMIC_NO_PIC = NO;
				GCC_NO_COMMON_BLOCKS = YES;
				GCC_OPTIMIZATION_LEVEL = 0;
				GCC_PREPROCESSOR_DEFINITIONS = (
					"DEBUG=1",
					"$(inherited)",
				);
				GCC_WARN_64_TO_32_BIT_CONVERSION = YES;
				GCC_WARN_ABOUT_RETURN_TYPE = YES_ERROR;
				GCC_WARN_UNDECLARED_SELECTOR = YES;
				GCC_WARN_UNINITIALIZED_AUTOS = YES_AGGRESSIVE;
				GCC_WARN_UNUSED_FUNCTION = YES;
				GCC_WARN_UNUSED_VARIABLE = YES;
				IPHONEOS_DEPLOYMENT_TARGET = 18.4;
				LOCALIZATION_PREFERS_STRING_CATALOGS = YES;
				MTL_ENABLE_DEBUG_INFO = INCLUDE_SOURCE;
				MTL_FAST_MATH = YES;
				ONLY_ACTIVE_ARCH = YES;
				SDKROOT = iphoneos;
				SWIFT_ACTIVE_COMPILATION_CONDITIONS = "DEBUG $(inherited)";
				SWIFT_OPTIMIZATION_LEVEL = "-Onone";
			};
			name = Debug;
		};
		4B8F41F02EA6A46D003AFAC5 /* Release */ = {
			isa = XCBuildConfiguration;
			buildSettings = {
				ALWAYS_SEARCH_USER_PATHS = NO;
				ASSETCATALOG_COMPILER_GENERATE_SWIFT_ASSET_SYMBOL_EXTENSIONS = YES;
				CLANG_ANALYZER_NONNULL = YES;
				CLANG_ANALYZER_NUMBER_OBJECT_CONVERSION = YES_AGGRESSIVE;
				CLANG_CXX_LANGUAGE_STANDARD = "gnu++20";
				CLANG_ENABLE_MODULES = YES;
				CLANG_ENABLE_OBJC_ARC = YES;
				CLANG_ENABLE_OBJC_WEAK = YES;
				CLANG_WARN_BLOCK_CAPTURE_AUTORELEASING = YES;
				CLANG_WARN_BOOL_CONVERSION = YES;
				CLANG_WARN_COMMA = YES;
				CLANG_WARN_CONSTANT_CONVERSION = YES;
				CLANG_WARN_DEPRECATED_OBJC_IMPLEMENTATIONS = YES;
				CLANG_WARN_DIRECT_OBJC_ISA_USAGE = YES_ERROR;
				CLANG_WARN_DOCUMENTATION_COMMENTS = YES;
				CLANG_WARN_EMPTY_BODY = YES;
				CLANG_WARN_ENUM_CONVERSION = YES;
				CLANG_WARN_INFINITE_RECURSION = YES;
				CLANG_WARN_INT_CONVERSION = YES;
				CLANG_WARN_NON_LITERAL_NULL_CONVERSION = YES;
				CLANG_WARN_OBJC_IMPLICIT_RETAIN_SELF = YES;
				CLANG_WARN_OBJC_LITERAL_CONVERSION = YES;
				CLANG_WARN_OBJC_ROOT_CLASS = YES_ERROR;
				CLANG_WARN_QUOTED_INCLUDE_IN_FRAMEWORK_HEADER = YES;
				CLANG_WARN_RANGE_LOOP_ANALYSIS = YES;
				CLANG_WARN_STRICT_PROTOTYPES = YES;
				CLANG_WARN_SUSPICIOUS_MOVE = YES;
				CLANG_WARN_UNGUARDED_AVAILABILITY = YES_AGGRESSIVE;
				CLANG_WARN_UNREACHABLE_CODE = YES;
				CLANG_WARN__DUPLICATE_METHOD_MATCH = YES;
				COPY_PHASE_STRIP = NO;
				DEBUG_INFORMATION_FORMAT = "dwarf-with-dsym";
				DEVELOPMENT_TEAM = U7WA2Q9KHB;
				ENABLE_NS_ASSERTIONS = NO;
				ENABLE_STRICT_OBJC_MSGSEND = YES;
				ENABLE_USER_SCRIPT_SANDBOXING = YES;
				GCC_C_LANGUAGE_STANDARD = gnu17;
				GCC_NO_COMMON_BLOCKS = YES;
				GCC_WARN_64_TO_32_BIT_CONVERSION = YES;
				GCC_WARN_ABOUT_RETURN_TYPE = YES_ERROR;
				GCC_WARN_UNDECLARED_SELECTOR = YES;
				GCC_WARN_UNINITIALIZED_AUTOS = YES_AGGRESSIVE;
				GCC_WARN_UNUSED_FUNCTION = YES;
				GCC_WARN_UNUSED_VARIABLE = YES;
				IPHONEOS_DEPLOYMENT_TARGET = 18.4;
				LOCALIZATION_PREFERS_STRING_CATALOGS = YES;
				MTL_ENABLE_DEBUG_INFO = NO;
				MTL_FAST_MATH = YES;
				SDKROOT = iphoneos;
				SWIFT_COMPILATION_MODE = wholemodule;
				VALIDATE_PRODUCT = YES;
			};
			name = Release;
		};
		4B8F41F22EA6A46D003AFAC5 /* Debug */ = {
			isa = XCBuildConfiguration;
			buildSettings = {
				BUNDLE_LOADER = "$(TEST_HOST)";
				CODE_SIGN_STYLE = Automatic;
				CURRENT_PROJECT_VERSION = 1;
				DEVELOPMENT_TEAM = U7WA2Q9KHB;
				GENERATE_INFOPLIST_FILE = YES;
				IPHONEOS_DEPLOYMENT_TARGET = 18.4;
				MARKETING_VERSION = 1.0;
				PRODUCT_BUNDLE_IDENTIFIER = CS329E.UTicketTests;
				PRODUCT_NAME = "$(TARGET_NAME)";
				SWIFT_EMIT_LOC_STRINGS = NO;
				SWIFT_VERSION = 5.0;
				TARGETED_DEVICE_FAMILY = "1,2";
				TEST_HOST = "$(BUILT_PRODUCTS_DIR)/UTicket.app/$(BUNDLE_EXECUTABLE_FOLDER_PATH)/UTicket";
			};
			name = Debug;
		};
		4B8F41F32EA6A46D003AFAC5 /* Release */ = {
			isa = XCBuildConfiguration;
			buildSettings = {
				BUNDLE_LOADER = "$(TEST_HOST)";
				CODE_SIGN_STYLE = Automatic;
				CURRENT_PROJECT_VERSION = 1;
				DEVELOPMENT_TEAM = U7WA2Q9KHB;
				GENERATE_INFOPLIST_FILE = YES;
				IPHONEOS_DEPLOYMENT_TARGET = 18.4;
				MARKETING_VERSION = 1.0;
				PRODUCT_BUNDLE_IDENTIFIER = CS329E.UTicketTests;
				PRODUCT_NAME = "$(TARGET_NAME)";
				SWIFT_EMIT_LOC_STRINGS = NO;
				SWIFT_VERSION = 5.0;
				TARGETED_DEVICE_FAMILY = "1,2";
				TEST_HOST = "$(BUILT_PRODUCTS_DIR)/UTicket.app/$(BUNDLE_EXECUTABLE_FOLDER_PATH)/UTicket";
			};
			name = Release;
		};
		4B8F41F52EA6A46D003AFAC5 /* Debug */ = {
			isa = XCBuildConfiguration;
			buildSettings = {
				CODE_SIGN_STYLE = Automatic;
				CURRENT_PROJECT_VERSION = 1;
				DEVELOPMENT_TEAM = U7WA2Q9KHB;
				GENERATE_INFOPLIST_FILE = YES;
				MARKETING_VERSION = 1.0;
				PRODUCT_BUNDLE_IDENTIFIER = CS329E.UTicketUITests;
				PRODUCT_NAME = "$(TARGET_NAME)";
				SWIFT_EMIT_LOC_STRINGS = NO;
				SWIFT_VERSION = 5.0;
				TARGETED_DEVICE_FAMILY = "1,2";
				TEST_TARGET_NAME = UTicket;
			};
			name = Debug;
		};
		4B8F41F62EA6A46D003AFAC5 /* Release */ = {
			isa = XCBuildConfiguration;
			buildSettings = {
				CODE_SIGN_STYLE = Automatic;
				CURRENT_PROJECT_VERSION = 1;
				DEVELOPMENT_TEAM = U7WA2Q9KHB;
				GENERATE_INFOPLIST_FILE = YES;
				MARKETING_VERSION = 1.0;
				PRODUCT_BUNDLE_IDENTIFIER = CS329E.UTicketUITests;
				PRODUCT_NAME = "$(TARGET_NAME)";
				SWIFT_EMIT_LOC_STRINGS = NO;
				SWIFT_VERSION = 5.0;
				TARGETED_DEVICE_FAMILY = "1,2";
				TEST_TARGET_NAME = UTicket;
			};
			name = Release;
		};
/* End XCBuildConfiguration section */

/* Begin XCConfigurationList section */
		4B8F41BE2EA6A46B003AFAC5 /* Build configuration list for PBXProject "UTicket" */ = {
			isa = XCConfigurationList;
			buildConfigurations = (
				4B8F41EF2EA6A46D003AFAC5 /* Debug */,
				4B8F41F02EA6A46D003AFAC5 /* Release */,
			);
			defaultConfigurationIsVisible = 0;
			defaultConfigurationName = Release;
		};
		4B8F41EC2EA6A46D003AFAC5 /* Build configuration list for PBXNativeTarget "UTicket" */ = {
			isa = XCConfigurationList;
			buildConfigurations = (
				4B8F41ED2EA6A46D003AFAC5 /* Debug */,
				4B8F41EE2EA6A46D003AFAC5 /* Release */,
			);
			defaultConfigurationIsVisible = 0;
			defaultConfigurationName = Release;
		};
		4B8F41F12EA6A46D003AFAC5 /* Build configuration list for PBXNativeTarget "UTicketTests" */ = {
			isa = XCConfigurationList;
			buildConfigurations = (
				4B8F41F22EA6A46D003AFAC5 /* Debug */,
				4B8F41F32EA6A46D003AFAC5 /* Release */,
			);
			defaultConfigurationIsVisible = 0;
			defaultConfigurationName = Release;
		};
		4B8F41F42EA6A46D003AFAC5 /* Build configuration list for PBXNativeTarget "UTicketUITests" */ = {
			isa = XCConfigurationList;
			buildConfigurations = (
				4B8F41F52EA6A46D003AFAC5 /* Debug */,
				4B8F41F62EA6A46D003AFAC5 /* Release */,
			);
			defaultConfigurationIsVisible = 0;
			defaultConfigurationName = Release;
		};
/* End XCConfigurationList section */

/* Begin XCRemoteSwiftPackageReference section */
		4B6DA54D2EA6A92C00FA87E4 /* XCRemoteSwiftPackageReference "firebase-ios-sdk" */ = {
			isa = XCRemoteSwiftPackageReference;
			repositoryURL = "https://github.com/firebase/firebase-ios-sdk";
			requirement = {
				kind = upToNextMajorVersion;
				minimumVersion = 12.4.0;
			};
		};
/* End XCRemoteSwiftPackageReference section */

/* Begin XCSwiftPackageProductDependency section */
		4B6DA54E2EA6A92C00FA87E4 /* FirebaseAuth */ = {
			isa = XCSwiftPackageProductDependency;
			package = 4B6DA54D2EA6A92C00FA87E4 /* XCRemoteSwiftPackageReference "firebase-ios-sdk" */;
			productName = FirebaseAuth;
		};
		4B6DA5502EA6A92C00FA87E4 /* FirebaseCore */ = {
			isa = XCSwiftPackageProductDependency;
			package = 4B6DA54D2EA6A92C00FA87E4 /* XCRemoteSwiftPackageReference "firebase-ios-sdk" */;
			productName = FirebaseCore;
		};
		4B6DA5522EA6A92C00FA87E4 /* FirebaseFirestore */ = {
			isa = XCSwiftPackageProductDependency;
			package = 4B6DA54D2EA6A92C00FA87E4 /* XCRemoteSwiftPackageReference "firebase-ios-sdk" */;
			productName = FirebaseFirestore;
		};
		4BAD69DF2EC50AE700AA73B0 /* FirebaseStorage */ = {
			isa = XCSwiftPackageProductDependency;
			package = 4B6DA54D2EA6A92C00FA87E4 /* XCRemoteSwiftPackageReference "firebase-ios-sdk" */;
			productName = FirebaseStorage;
		};
/* End XCSwiftPackageProductDependency section */
	};
	rootObject = 4B8F41BB2EA6A46B003AFAC5 /* Project object */;
}
